// !$*UTF8*$!
{
	archiveVersion = 1;
	classes = {
	};
	objectVersion = 56;
	objects = {

/* Begin PBXBuildFile section */
		B4EF4AAC294313F1002C487C /* AppDelegate.swift in Sources */ = {isa = PBXBuildFile; fileRef = B4EF4AAB294313F1002C487C /* AppDelegate.swift */; };
		B4EF4AAE294313F1002C487C /* SceneDelegate.swift in Sources */ = {isa = PBXBuildFile; fileRef = B4EF4AAD294313F1002C487C /* SceneDelegate.swift */; };
		B4EF4AB5294313F2002C487C /* Assets.xcassets in Resources */ = {isa = PBXBuildFile; fileRef = B4EF4AB4294313F2002C487C /* Assets.xcassets */; };
		B4EF4AB8294313F2002C487C /* LaunchScreen.storyboard in Resources */ = {isa = PBXBuildFile; fileRef = B4EF4AB6294313F2002C487C /* LaunchScreen.storyboard */; };
		B4EF4ACD294313F2002C487C /* QuizAppUITests.swift in Sources */ = {isa = PBXBuildFile; fileRef = B4EF4ACC294313F2002C487C /* QuizAppUITests.swift */; };
		B4EF4ACF294313F2002C487C /* QuizAppUITestsLaunchTests.swift in Sources */ = {isa = PBXBuildFile; fileRef = B4EF4ACE294313F2002C487C /* QuizAppUITestsLaunchTests.swift */; };
		B4EF4ADC2943159B002C487C /* QuestionViewControllerTest.swift in Sources */ = {isa = PBXBuildFile; fileRef = B4EF4ADB2943159B002C487C /* QuestionViewControllerTest.swift */; };
		B4EF4ADE29431630002C487C /* QuestionViewController.swift in Sources */ = {isa = PBXBuildFile; fileRef = B4EF4ADD29431630002C487C /* QuestionViewController.swift */; };
		B4EF4AE02945B1F7002C487C /* ResultsViewControllerTest.swift in Sources */ = {isa = PBXBuildFile; fileRef = B4EF4ADF2945B1F7002C487C /* ResultsViewControllerTest.swift */; };
		B4EF4AE22945B2D7002C487C /* ResultsViewController.swift in Sources */ = {isa = PBXBuildFile; fileRef = B4EF4AE12945B2D7002C487C /* ResultsViewController.swift */; };
		B4EF4AE42945B95B002C487C /* TableViewHelpers.swift in Sources */ = {isa = PBXBuildFile; fileRef = B4EF4AE32945B95B002C487C /* TableViewHelpers.swift */; };
/* End PBXBuildFile section */

/* Begin PBXContainerItemProxy section */
		B4EF4ABF294313F2002C487C /* PBXContainerItemProxy */ = {
			isa = PBXContainerItemProxy;
			containerPortal = B4EF4AA0294313F1002C487C /* Project object */;
			proxyType = 1;
			remoteGlobalIDString = B4EF4AA7294313F1002C487C;
			remoteInfo = QuizApp;
		};
		B4EF4AC9294313F2002C487C /* PBXContainerItemProxy */ = {
			isa = PBXContainerItemProxy;
			containerPortal = B4EF4AA0294313F1002C487C /* Project object */;
			proxyType = 1;
			remoteGlobalIDString = B4EF4AA7294313F1002C487C;
			remoteInfo = QuizApp;
		};
/* End PBXContainerItemProxy section */

/* Begin PBXFileReference section */
		B4EF4AA8294313F1002C487C /* QuizApp.app */ = {isa = PBXFileReference; explicitFileType = wrapper.application; includeInIndex = 0; path = QuizApp.app; sourceTree = BUILT_PRODUCTS_DIR; };
		B4EF4AAB294313F1002C487C /* AppDelegate.swift */ = {isa = PBXFileReference; lastKnownFileType = sourcecode.swift; path = AppDelegate.swift; sourceTree = "<group>"; };
		B4EF4AAD294313F1002C487C /* SceneDelegate.swift */ = {isa = PBXFileReference; lastKnownFileType = sourcecode.swift; path = SceneDelegate.swift; sourceTree = "<group>"; };
		B4EF4AB4294313F2002C487C /* Assets.xcassets */ = {isa = PBXFileReference; lastKnownFileType = folder.assetcatalog; path = Assets.xcassets; sourceTree = "<group>"; };
		B4EF4AB7294313F2002C487C /* Base */ = {isa = PBXFileReference; lastKnownFileType = file.storyboard; name = Base; path = Base.lproj/LaunchScreen.storyboard; sourceTree = "<group>"; };
		B4EF4AB9294313F2002C487C /* Info.plist */ = {isa = PBXFileReference; lastKnownFileType = text.plist.xml; path = Info.plist; sourceTree = "<group>"; };
		B4EF4ABE294313F2002C487C /* QuizAppTests.xctest */ = {isa = PBXFileReference; explicitFileType = wrapper.cfbundle; includeInIndex = 0; path = QuizAppTests.xctest; sourceTree = BUILT_PRODUCTS_DIR; };
		B4EF4AC8294313F2002C487C /* QuizAppUITests.xctest */ = {isa = PBXFileReference; explicitFileType = wrapper.cfbundle; includeInIndex = 0; path = QuizAppUITests.xctest; sourceTree = BUILT_PRODUCTS_DIR; };
		B4EF4ACC294313F2002C487C /* QuizAppUITests.swift */ = {isa = PBXFileReference; lastKnownFileType = sourcecode.swift; path = QuizAppUITests.swift; sourceTree = "<group>"; };
		B4EF4ACE294313F2002C487C /* QuizAppUITestsLaunchTests.swift */ = {isa = PBXFileReference; lastKnownFileType = sourcecode.swift; path = QuizAppUITestsLaunchTests.swift; sourceTree = "<group>"; };
		B4EF4ADB2943159B002C487C /* QuestionViewControllerTest.swift */ = {isa = PBXFileReference; lastKnownFileType = sourcecode.swift; path = QuestionViewControllerTest.swift; sourceTree = "<group>"; };
		B4EF4ADD29431630002C487C /* QuestionViewController.swift */ = {isa = PBXFileReference; lastKnownFileType = sourcecode.swift; path = QuestionViewController.swift; sourceTree = "<group>"; };
		B4EF4ADF2945B1F7002C487C /* ResultsViewControllerTest.swift */ = {isa = PBXFileReference; lastKnownFileType = sourcecode.swift; path = ResultsViewControllerTest.swift; sourceTree = "<group>"; };
		B4EF4AE12945B2D7002C487C /* ResultsViewController.swift */ = {isa = PBXFileReference; lastKnownFileType = sourcecode.swift; path = ResultsViewController.swift; sourceTree = "<group>"; };
		B4EF4AE32945B95B002C487C /* TableViewHelpers.swift */ = {isa = PBXFileReference; lastKnownFileType = sourcecode.swift; path = TableViewHelpers.swift; sourceTree = "<group>"; };
/* End PBXFileReference section */

/* Begin PBXFrameworksBuildPhase section */
		B4EF4AA5294313F1002C487C /* Frameworks */ = {
			isa = PBXFrameworksBuildPhase;
			buildActionMask = 2147483647;
			files = (
			);
			runOnlyForDeploymentPostprocessing = 0;
		};
		B4EF4ABB294313F2002C487C /* Frameworks */ = {
			isa = PBXFrameworksBuildPhase;
			buildActionMask = 2147483647;
			files = (
			);
			runOnlyForDeploymentPostprocessing = 0;
		};
		B4EF4AC5294313F2002C487C /* Frameworks */ = {
			isa = PBXFrameworksBuildPhase;
			buildActionMask = 2147483647;
			files = (
			);
			runOnlyForDeploymentPostprocessing = 0;
		};
/* End PBXFrameworksBuildPhase section */

/* Begin PBXGroup section */
		B4EF4A9F294313F1002C487C = {
			isa = PBXGroup;
			children = (
				B4EF4AAA294313F1002C487C /* QuizApp */,
				B4EF4AC1294313F2002C487C /* QuizAppTests */,
				B4EF4ACB294313F2002C487C /* QuizAppUITests */,
				B4EF4AA9294313F1002C487C /* Products */,
			);
			sourceTree = "<group>";
		};
		B4EF4AA9294313F1002C487C /* Products */ = {
			isa = PBXGroup;
			children = (
				B4EF4AA8294313F1002C487C /* QuizApp.app */,
				B4EF4ABE294313F2002C487C /* QuizAppTests.xctest */,
				B4EF4AC8294313F2002C487C /* QuizAppUITests.xctest */,
			);
			name = Products;
			sourceTree = "<group>";
		};
		B4EF4AAA294313F1002C487C /* QuizApp */ = {
			isa = PBXGroup;
			children = (
				B4EF4AAB294313F1002C487C /* AppDelegate.swift */,
				B4EF4AAD294313F1002C487C /* SceneDelegate.swift */,
				B4EF4AB4294313F2002C487C /* Assets.xcassets */,
				B4EF4AB6294313F2002C487C /* LaunchScreen.storyboard */,
				B4EF4AB9294313F2002C487C /* Info.plist */,
				B4EF4ADD29431630002C487C /* QuestionViewController.swift */,
				B4EF4AE12945B2D7002C487C /* ResultsViewController.swift */,
			);
			path = QuizApp;
			sourceTree = "<group>";
		};
		B4EF4AC1294313F2002C487C /* QuizAppTests */ = {
			isa = PBXGroup;
			children = (
				B4EF4AE32945B95B002C487C /* TableViewHelpers.swift */,
				B4EF4ADB2943159B002C487C /* QuestionViewControllerTest.swift */,
				B4EF4ADF2945B1F7002C487C /* ResultsViewControllerTest.swift */,
			);
			path = QuizAppTests;
			sourceTree = "<group>";
		};
		B4EF4ACB294313F2002C487C /* QuizAppUITests */ = {
			isa = PBXGroup;
			children = (
				B4EF4ACC294313F2002C487C /* QuizAppUITests.swift */,
				B4EF4ACE294313F2002C487C /* QuizAppUITestsLaunchTests.swift */,
			);
			path = QuizAppUITests;
			sourceTree = "<group>";
		};
/* End PBXGroup section */

/* Begin PBXNativeTarget section */
		B4EF4AA7294313F1002C487C /* QuizApp */ = {
			isa = PBXNativeTarget;
			buildConfigurationList = B4EF4AD2294313F2002C487C /* Build configuration list for PBXNativeTarget "QuizApp" */;
			buildPhases = (
				B4EF4AA4294313F1002C487C /* Sources */,
				B4EF4AA5294313F1002C487C /* Frameworks */,
				B4EF4AA6294313F1002C487C /* Resources */,
			);
			buildRules = (
			);
			dependencies = (
			);
			name = QuizApp;
			productName = QuizApp;
			productReference = B4EF4AA8294313F1002C487C /* QuizApp.app */;
			productType = "com.apple.product-type.application";
		};
		B4EF4ABD294313F2002C487C /* QuizAppTests */ = {
			isa = PBXNativeTarget;
			buildConfigurationList = B4EF4AD5294313F2002C487C /* Build configuration list for PBXNativeTarget "QuizAppTests" */;
			buildPhases = (
				B4EF4ABA294313F2002C487C /* Sources */,
				B4EF4ABB294313F2002C487C /* Frameworks */,
				B4EF4ABC294313F2002C487C /* Resources */,
			);
			buildRules = (
			);
			dependencies = (
				B4EF4AC0294313F2002C487C /* PBXTargetDependency */,
			);
			name = QuizAppTests;
			productName = QuizAppTests;
			productReference = B4EF4ABE294313F2002C487C /* QuizAppTests.xctest */;
			productType = "com.apple.product-type.bundle.unit-test";
		};
		B4EF4AC7294313F2002C487C /* QuizAppUITests */ = {
			isa = PBXNativeTarget;
			buildConfigurationList = B4EF4AD8294313F2002C487C /* Build configuration list for PBXNativeTarget "QuizAppUITests" */;
			buildPhases = (
				B4EF4AC4294313F2002C487C /* Sources */,
				B4EF4AC5294313F2002C487C /* Frameworks */,
				B4EF4AC6294313F2002C487C /* Resources */,
			);
			buildRules = (
			);
			dependencies = (
				B4EF4ACA294313F2002C487C /* PBXTargetDependency */,
			);
			name = QuizAppUITests;
			productName = QuizAppUITests;
			productReference = B4EF4AC8294313F2002C487C /* QuizAppUITests.xctest */;
			productType = "com.apple.product-type.bundle.ui-testing";
		};
/* End PBXNativeTarget section */

/* Begin PBXProject section */
		B4EF4AA0294313F1002C487C /* Project object */ = {
			isa = PBXProject;
			attributes = {
				BuildIndependentTargetsInParallel = 1;
				LastSwiftUpdateCheck = 1400;
				LastUpgradeCheck = 1400;
				TargetAttributes = {
					B4EF4AA7294313F1002C487C = {
						CreatedOnToolsVersion = 14.0.1;
					};
					B4EF4ABD294313F2002C487C = {
						CreatedOnToolsVersion = 14.0.1;
						LastSwiftMigration = 1400;
						TestTargetID = B4EF4AA7294313F1002C487C;
					};
					B4EF4AC7294313F2002C487C = {
						CreatedOnToolsVersion = 14.0.1;
						TestTargetID = B4EF4AA7294313F1002C487C;
					};
				};
			};
			buildConfigurationList = B4EF4AA3294313F1002C487C /* Build configuration list for PBXProject "QuizApp" */;
			compatibilityVersion = "Xcode 14.0";
			developmentRegion = en;
			hasScannedForEncodings = 0;
			knownRegions = (
				en,
				Base,
			);
			mainGroup = B4EF4A9F294313F1002C487C;
			productRefGroup = B4EF4AA9294313F1002C487C /* Products */;
			projectDirPath = "";
			projectRoot = "";
			targets = (
				B4EF4AA7294313F1002C487C /* QuizApp */,
				B4EF4ABD294313F2002C487C /* QuizAppTests */,
				B4EF4AC7294313F2002C487C /* QuizAppUITests */,
			);
		};
/* End PBXProject section */

/* Begin PBXResourcesBuildPhase section */
		B4EF4AA6294313F1002C487C /* Resources */ = {
			isa = PBXResourcesBuildPhase;
			buildActionMask = 2147483647;
			files = (
				B4EF4AB8294313F2002C487C /* LaunchScreen.storyboard in Resources */,
				B4EF4AB5294313F2002C487C /* Assets.xcassets in Resources */,
			);
			runOnlyForDeploymentPostprocessing = 0;
		};
		B4EF4ABC294313F2002C487C /* Resources */ = {
			isa = PBXResourcesBuildPhase;
			buildActionMask = 2147483647;
			files = (
			);
			runOnlyForDeploymentPostprocessing = 0;
		};
		B4EF4AC6294313F2002C487C /* Resources */ = {
			isa = PBXResourcesBuildPhase;
			buildActionMask = 2147483647;
			files = (
			);
			runOnlyForDeploymentPostprocessing = 0;
		};
/* End PBXResourcesBuildPhase section */

/* Begin PBXSourcesBuildPhase section */
		B4EF4AA4294313F1002C487C /* Sources */ = {
			isa = PBXSourcesBuildPhase;
			buildActionMask = 2147483647;
			files = (
				B4EF4AAC294313F1002C487C /* AppDelegate.swift in Sources */,
				B4EF4AAE294313F1002C487C /* SceneDelegate.swift in Sources */,
				B4EF4ADE29431630002C487C /* QuestionViewController.swift in Sources */,
				B4EF4AE22945B2D7002C487C /* ResultsViewController.swift in Sources */,
			);
			runOnlyForDeploymentPostprocessing = 0;
		};
		B4EF4ABA294313F2002C487C /* Sources */ = {
			isa = PBXSourcesBuildPhase;
			buildActionMask = 2147483647;
			files = (
				B4EF4ADC2943159B002C487C /* QuestionViewControllerTest.swift in Sources */,
				B4EF4AE42945B95B002C487C /* TableViewHelpers.swift in Sources */,
				B4EF4AE02945B1F7002C487C /* ResultsViewControllerTest.swift in Sources */,
			);
			runOnlyForDeploymentPostprocessing = 0;
		};
		B4EF4AC4294313F2002C487C /* Sources */ = {
			isa = PBXSourcesBuildPhase;
			buildActionMask = 2147483647;
			files = (
				B4EF4ACD294313F2002C487C /* QuizAppUITests.swift in Sources */,
				B4EF4ACF294313F2002C487C /* QuizAppUITestsLaunchTests.swift in Sources */,
			);
			runOnlyForDeploymentPostprocessing = 0;
		};
/* End PBXSourcesBuildPhase section */

/* Begin PBXTargetDependency section */
		B4EF4AC0294313F2002C487C /* PBXTargetDependency */ = {
			isa = PBXTargetDependency;
			target = B4EF4AA7294313F1002C487C /* QuizApp */;
			targetProxy = B4EF4ABF294313F2002C487C /* PBXContainerItemProxy */;
		};
		B4EF4ACA294313F2002C487C /* PBXTargetDependency */ = {
			isa = PBXTargetDependency;
			target = B4EF4AA7294313F1002C487C /* QuizApp */;
			targetProxy = B4EF4AC9294313F2002C487C /* PBXContainerItemProxy */;
		};
/* End PBXTargetDependency section */

/* Begin PBXVariantGroup section */
		B4EF4AB6294313F2002C487C /* LaunchScreen.storyboard */ = {
			isa = PBXVariantGroup;
			children = (
				B4EF4AB7294313F2002C487C /* Base */,
			);
			name = LaunchScreen.storyboard;
			sourceTree = "<group>";
		};
/* End PBXVariantGroup section */

/* Begin XCBuildConfiguration section */
		B4EF4AD0294313F2002C487C /* Debug */ = {
			isa = XCBuildConfiguration;
			buildSettings = {
				ALWAYS_SEARCH_USER_PATHS = NO;
				CLANG_ANALYZER_NONNULL = YES;
				CLANG_ANALYZER_NUMBER_OBJECT_CONVERSION = YES_AGGRESSIVE;
				CLANG_CXX_LANGUAGE_STANDARD = "gnu++20";
				CLANG_ENABLE_MODULES = YES;
				CLANG_ENABLE_OBJC_ARC = YES;
				CLANG_ENABLE_OBJC_WEAK = YES;
				CLANG_WARN_BLOCK_CAPTURE_AUTORELEASING = YES;
				CLANG_WARN_BOOL_CONVERSION = YES;
				CLANG_WARN_COMMA = YES;
				CLANG_WARN_CONSTANT_CONVERSION = YES;
				CLANG_WARN_DEPRECATED_OBJC_IMPLEMENTATIONS = YES;
				CLANG_WARN_DIRECT_OBJC_ISA_USAGE = YES_ERROR;
				CLANG_WARN_DOCUMENTATION_COMMENTS = YES;
				CLANG_WARN_EMPTY_BODY = YES;
				CLANG_WARN_ENUM_CONVERSION = YES;
				CLANG_WARN_INFINITE_RECURSION = YES;
				CLANG_WARN_INT_CONVERSION = YES;
				CLANG_WARN_NON_LITERAL_NULL_CONVERSION = YES;
				CLANG_WARN_OBJC_IMPLICIT_RETAIN_SELF = YES;
				CLANG_WARN_OBJC_LITERAL_CONVERSION = YES;
				CLANG_WARN_OBJC_ROOT_CLASS = YES_ERROR;
				CLANG_WARN_QUOTED_INCLUDE_IN_FRAMEWORK_HEADER = YES;
				CLANG_WARN_RANGE_LOOP_ANALYSIS = YES;
				CLANG_WARN_STRICT_PROTOTYPES = YES;
				CLANG_WARN_SUSPICIOUS_MOVE = YES;
				CLANG_WARN_UNGUARDED_AVAILABILITY = YES_AGGRESSIVE;
				CLANG_WARN_UNREACHABLE_CODE = YES;
				CLANG_WARN__DUPLICATE_METHOD_MATCH = YES;
				COPY_PHASE_STRIP = NO;
				DEBUG_INFORMATION_FORMAT = dwarf;
				ENABLE_STRICT_OBJC_MSGSEND = YES;
				ENABLE_TESTABILITY = YES;
				GCC_C_LANGUAGE_STANDARD = gnu11;
				GCC_DYNAMIC_NO_PIC = NO;
				GCC_NO_COMMON_BLOCKS = YES;
				GCC_OPTIMIZATION_LEVEL = 0;
				GCC_PREPROCESSOR_DEFINITIONS = (
					"DEBUG=1",
					"$(inherited)",
				);
				GCC_WARN_64_TO_32_BIT_CONVERSION = YES;
				GCC_WARN_ABOUT_RETURN_TYPE = YES_ERROR;
				GCC_WARN_UNDECLARED_SELECTOR = YES;
				GCC_WARN_UNINITIALIZED_AUTOS = YES_AGGRESSIVE;
				GCC_WARN_UNUSED_FUNCTION = YES;
				GCC_WARN_UNUSED_VARIABLE = YES;
				IPHONEOS_DEPLOYMENT_TARGET = 15.0;
				MTL_ENABLE_DEBUG_INFO = INCLUDE_SOURCE;
				MTL_FAST_MATH = YES;
				ONLY_ACTIVE_ARCH = YES;
				SDKROOT = iphoneos;
				SWIFT_ACTIVE_COMPILATION_CONDITIONS = DEBUG;
				SWIFT_OPTIMIZATION_LEVEL = "-Onone";
			};
			name = Debug;
		};
		B4EF4AD1294313F2002C487C /* Release */ = {
			isa = XCBuildConfiguration;
			buildSettings = {
				ALWAYS_SEARCH_USER_PATHS = NO;
				CLANG_ANALYZER_NONNULL = YES;
				CLANG_ANALYZER_NUMBER_OBJECT_CONVERSION = YES_AGGRESSIVE;
				CLANG_CXX_LANGUAGE_STANDARD = "gnu++20";
				CLANG_ENABLE_MODULES = YES;
				CLANG_ENABLE_OBJC_ARC = YES;
				CLANG_ENABLE_OBJC_WEAK = YES;
				CLANG_WARN_BLOCK_CAPTURE_AUTORELEASING = YES;
				CLANG_WARN_BOOL_CONVERSION = YES;
				CLANG_WARN_COMMA = YES;
				CLANG_WARN_CONSTANT_CONVERSION = YES;
				CLANG_WARN_DEPRECATED_OBJC_IMPLEMENTATIONS = YES;
				CLANG_WARN_DIRECT_OBJC_ISA_USAGE = YES_ERROR;
				CLANG_WARN_DOCUMENTATION_COMMENTS = YES;
				CLANG_WARN_EMPTY_BODY = YES;
				CLANG_WARN_ENUM_CONVERSION = YES;
				CLANG_WARN_INFINITE_RECURSION = YES;
				CLANG_WARN_INT_CONVERSION = YES;
				CLANG_WARN_NON_LITERAL_NULL_CONVERSION = YES;
				CLANG_WARN_OBJC_IMPLICIT_RETAIN_SELF = YES;
				CLANG_WARN_OBJC_LITERAL_CONVERSION = YES;
				CLANG_WARN_OBJC_ROOT_CLASS = YES_ERROR;
				CLANG_WARN_QUOTED_INCLUDE_IN_FRAMEWORK_HEADER = YES;
				CLANG_WARN_RANGE_LOOP_ANALYSIS = YES;
				CLANG_WARN_STRICT_PROTOTYPES = YES;
				CLANG_WARN_SUSPICIOUS_MOVE = YES;
				CLANG_WARN_UNGUARDED_AVAILABILITY = YES_AGGRESSIVE;
				CLANG_WARN_UNREACHABLE_CODE = YES;
				CLANG_WARN__DUPLICATE_METHOD_MATCH = YES;
				COPY_PHASE_STRIP = NO;
				DEBUG_INFORMATION_FORMAT = "dwarf-with-dsym";
				ENABLE_NS_ASSERTIONS = NO;
				ENABLE_STRICT_OBJC_MSGSEND = YES;
				GCC_C_LANGUAGE_STANDARD = gnu11;
				GCC_NO_COMMON_BLOCKS = YES;
				GCC_WARN_64_TO_32_BIT_CONVERSION = YES;
				GCC_WARN_ABOUT_RETURN_TYPE = YES_ERROR;
				GCC_WARN_UNDECLARED_SELECTOR = YES;
				GCC_WARN_UNINITIALIZED_AUTOS = YES_AGGRESSIVE;
				GCC_WARN_UNUSED_FUNCTION = YES;
				GCC_WARN_UNUSED_VARIABLE = YES;
				IPHONEOS_DEPLOYMENT_TARGET = 15.0;
				MTL_ENABLE_DEBUG_INFO = NO;
				MTL_FAST_MATH = YES;
				SDKROOT = iphoneos;
				SWIFT_COMPILATION_MODE = wholemodule;
				SWIFT_OPTIMIZATION_LEVEL = "-O";
				VALIDATE_PRODUCT = YES;
			};
			name = Release;
		};
		B4EF4AD3294313F2002C487C /* Debug */ = {
			isa = XCBuildConfiguration;
			buildSettings = {
				ASSETCATALOG_COMPILER_APPICON_NAME = AppIcon;
				ASSETCATALOG_COMPILER_GLOBAL_ACCENT_COLOR_NAME = AccentColor;
				CODE_SIGN_STYLE = Automatic;
				CURRENT_PROJECT_VERSION = 1;
				DEVELOPMENT_TEAM = 7DVHVGQ6NV;
				GENERATE_INFOPLIST_FILE = YES;
				INFOPLIST_FILE = QuizApp/Info.plist;
				INFOPLIST_KEY_UIApplicationSupportsIndirectInputEvents = YES;
				INFOPLIST_KEY_UILaunchStoryboardName = LaunchScreen;
				INFOPLIST_KEY_UIMainStoryboardFile = "";
				INFOPLIST_KEY_UISupportedInterfaceOrientations_iPad = "UIInterfaceOrientationPortrait UIInterfaceOrientationPortraitUpsideDown UIInterfaceOrientationLandscapeLeft UIInterfaceOrientationLandscapeRight";
				INFOPLIST_KEY_UISupportedInterfaceOrientations_iPhone = "UIInterfaceOrientationPortrait UIInterfaceOrientationLandscapeLeft UIInterfaceOrientationLandscapeRight";
				IPHONEOS_DEPLOYMENT_TARGET = 15.0;
				LD_RUNPATH_SEARCH_PATHS = (
					"$(inherited)",
					"@executable_path/Frameworks",
				);
				MARKETING_VERSION = 1.0;
				PRODUCT_BUNDLE_IDENTIFIER = com.baba.quizengine.QuizApp;
				PRODUCT_NAME = "$(TARGET_NAME)";
				SWIFT_EMIT_LOC_STRINGS = YES;
				SWIFT_VERSION = 5.0;
				TARGETED_DEVICE_FAMILY = "1,2";
			};
			name = Debug;
		};
		B4EF4AD4294313F2002C487C /* Release */ = {
			isa = XCBuildConfiguration;
			buildSettings = {
				ASSETCATALOG_COMPILER_APPICON_NAME = AppIcon;
				ASSETCATALOG_COMPILER_GLOBAL_ACCENT_COLOR_NAME = AccentColor;
				CODE_SIGN_STYLE = Automatic;
				CURRENT_PROJECT_VERSION = 1;
				DEVELOPMENT_TEAM = 7DVHVGQ6NV;
				GENERATE_INFOPLIST_FILE = YES;
				INFOPLIST_FILE = QuizApp/Info.plist;
				INFOPLIST_KEY_UIApplicationSupportsIndirectInputEvents = YES;
				INFOPLIST_KEY_UILaunchStoryboardName = LaunchScreen;
				INFOPLIST_KEY_UIMainStoryboardFile = "";
				INFOPLIST_KEY_UISupportedInterfaceOrientations_iPad = "UIInterfaceOrientationPortrait UIInterfaceOrientationPortraitUpsideDown UIInterfaceOrientationLandscapeLeft UIInterfaceOrientationLandscapeRight";
				INFOPLIST_KEY_UISupportedInterfaceOrientations_iPhone = "UIInterfaceOrientationPortrait UIInterfaceOrientationLandscapeLeft UIInterfaceOrientationLandscapeRight";
				IPHONEOS_DEPLOYMENT_TARGET = 15.0;
				LD_RUNPATH_SEARCH_PATHS = (
					"$(inherited)",
					"@executable_path/Frameworks",
				);
				MARKETING_VERSION = 1.0;
				PRODUCT_BUNDLE_IDENTIFIER = com.baba.quizengine.QuizApp;
				PRODUCT_NAME = "$(TARGET_NAME)";
				SWIFT_EMIT_LOC_STRINGS = YES;
				SWIFT_VERSION = 5.0;
				TARGETED_DEVICE_FAMILY = "1,2";
			};
			name = Release;
		};
		B4EF4AD6294313F2002C487C /* Debug */ = {
			isa = XCBuildConfiguration;
			buildSettings = {
				ALWAYS_EMBED_SWIFT_STANDARD_LIBRARIES = YES;
				BUNDLE_LOADER = "$(TEST_HOST)";
				CLANG_ENABLE_MODULES = YES;
				CODE_SIGN_STYLE = Automatic;
				CURRENT_PROJECT_VERSION = 1;
				DEVELOPMENT_TEAM = 7DVHVGQ6NV;
				GENERATE_INFOPLIST_FILE = YES;
				IPHONEOS_DEPLOYMENT_TARGET = 16.0;
				LD_RUNPATH_SEARCH_PATHS = (
					"$(inherited)",
					"@executable_path/Frameworks",
					"@loader_path/Frameworks",
				);
				MARKETING_VERSION = 1.0;
				PRODUCT_BUNDLE_IDENTIFIER = com.baba.quizengine.QuizAppTests;
				PRODUCT_NAME = "$(TARGET_NAME)";
				SWIFT_EMIT_LOC_STRINGS = NO;
				SWIFT_OPTIMIZATION_LEVEL = "-Onone";
				SWIFT_VERSION = 5.0;
				TARGETED_DEVICE_FAMILY = "1,2";
				TEST_HOST = "$(BUILT_PRODUCTS_DIR)/QuizApp.app/$(BUNDLE_EXECUTABLE_FOLDER_PATH)/QuizApp";
			};
			name = Debug;
		};
		B4EF4AD7294313F2002C487C /* Release */ = {
			isa = XCBuildConfiguration;
			buildSettings = {
				ALWAYS_EMBED_SWIFT_STANDARD_LIBRARIES = YES;
				BUNDLE_LOADER = "$(TEST_HOST)";
				CLANG_ENABLE_MODULES = YES;
				CODE_SIGN_STYLE = Automatic;
				CURRENT_PROJECT_VERSION = 1;
				DEVELOPMENT_TEAM = 7DVHVGQ6NV;
				GENERATE_INFOPLIST_FILE = YES;
				IPHONEOS_DEPLOYMENT_TARGET = 16.0;
				LD_RUNPATH_SEARCH_PATHS = (
					"$(inherited)",
					"@executable_path/Frameworks",
					"@loader_path/Frameworks",
				);
				MARKETING_VERSION = 1.0;
				PRODUCT_BUNDLE_IDENTIFIER = com.baba.quizengine.QuizAppTests;
				PRODUCT_NAME = "$(TARGET_NAME)";
				SWIFT_EMIT_LOC_STRINGS = NO;
				SWIFT_VERSION = 5.0;
				TARGETED_DEVICE_FAMILY = "1,2";
				TEST_HOST = "$(BUILT_PRODUCTS_DIR)/QuizApp.app/$(BUNDLE_EXECUTABLE_FOLDER_PATH)/QuizApp";
			};
			name = Release;
		};
		B4EF4AD9294313F2002C487C /* Debug */ = {
			isa = XCBuildConfiguration;
			buildSettings = {
				ALWAYS_EMBED_SWIFT_STANDARD_LIBRARIES = YES;
				CODE_SIGN_STYLE = Automatic;
				CURRENT_PROJECT_VERSION = 1;
				DEVELOPMENT_TEAM = 7DVHVGQ6NV;
				GENERATE_INFOPLIST_FILE = YES;
				MARKETING_VERSION = 1.0;
				PRODUCT_BUNDLE_IDENTIFIER = com.baba.quizengine.QuizAppUITests;
				PRODUCT_NAME = "$(TARGET_NAME)";
				SWIFT_EMIT_LOC_STRINGS = NO;
				SWIFT_VERSION = 5.0;
				TARGETED_DEVICE_FAMILY = "1,2";
				TEST_TARGET_NAME = QuizApp;
			};
			name = Debug;
		};
		B4EF4ADA294313F2002C487C /* Release */ = {
			isa = XCBuildConfiguration;
			buildSettings = {
				ALWAYS_EMBED_SWIFT_STANDARD_LIBRARIES = YES;
				CODE_SIGN_STYLE = Automatic;
				CURRENT_PROJECT_VERSION = 1;
				DEVELOPMENT_TEAM = 7DVHVGQ6NV;
				GENERATE_INFOPLIST_FILE = YES;
				MARKETING_VERSION = 1.0;
				PRODUCT_BUNDLE_IDENTIFIER = com.baba.quizengine.QuizAppUITests;
				PRODUCT_NAME = "$(TARGET_NAME)";
				SWIFT_EMIT_LOC_STRINGS = NO;
				SWIFT_VERSION = 5.0;
				TARGETED_DEVICE_FAMILY = "1,2";
				TEST_TARGET_NAME = QuizApp;
			};
			name = Release;
		};
/* End XCBuildConfiguration section */

/* Begin XCConfigurationList section */
		B4EF4AA3294313F1002C487C /* Build configuration list for PBXProject "QuizApp" */ = {
			isa = XCConfigurationList;
			buildConfigurations = (
				B4EF4AD0294313F2002C487C /* Debug */,
				B4EF4AD1294313F2002C487C /* Release */,
			);
			defaultConfigurationIsVisible = 0;
			defaultConfigurationName = Release;
		};
		B4EF4AD2294313F2002C487C /* Build configuration list for PBXNativeTarget "QuizApp" */ = {
			isa = XCConfigurationList;
			buildConfigurations = (
				B4EF4AD3294313F2002C487C /* Debug */,
				B4EF4AD4294313F2002C487C /* Release */,
			);
			defaultConfigurationIsVisible = 0;
			defaultConfigurationName = Release;
		};
		B4EF4AD5294313F2002C487C /* Build configuration list for PBXNativeTarget "QuizAppTests" */ = {
			isa = XCConfigurationList;
			buildConfigurations = (
				B4EF4AD6294313F2002C487C /* Debug */,
				B4EF4AD7294313F2002C487C /* Release */,
			);
			defaultConfigurationIsVisible = 0;
			defaultConfigurationName = Release;
		};
		B4EF4AD8294313F2002C487C /* Build configuration list for PBXNativeTarget "QuizAppUITests" */ = {
			isa = XCConfigurationList;
			buildConfigurations = (
				B4EF4AD9294313F2002C487C /* Debug */,
				B4EF4ADA294313F2002C487C /* Release */,
			);
			defaultConfigurationIsVisible = 0;
			defaultConfigurationName = Release;
		};
/* End XCConfigurationList section */
	};
	rootObject = B4EF4AA0294313F1002C487C /* Project object */;
}
